
Microsoft Visual Studio Solution File, Format Version 12.00
# Visual Studio 15
VisualStudioVersion = 15.0.27703.2035
MinimumVisualStudioVersion = 10.0.40219.1
Project("{FAE04EC0-301F-11D3-BF4B-00C04F79EFBC}") = "TestsIneractiveGUI", "TestsIneractiveGUI\TestsIneractiveGUI.csproj", "{2880148E-2DC2-45D1-B1C3-7D96A1129CDE}"
EndProject
Global
	GlobalSection(SolutionConfigurationPlatforms) = preSolution
		Debug|Any CPU = Debug|Any CPU
		Release|Any CPU = Release|Any CPU
	EndGlobalSection
	GlobalSection(ProjectConfigurationPlatforms) = postSolution
		{2880148E-2DC2-45D1-B1C3-7D96A1129CDE}.Debug|Any CPU.ActiveCfg = Debug|Any CPU
		{2880148E-2DC2-45D1-B1C3-7D96A1129CDE}.Debug|Any CPU.Build.0 = Debug|Any CPU
		{2880148E-2DC2-45D1-B1C3-7D96A1129CDE}.Release|Any CPU.ActiveCfg = Release|Any CPU
		{2880148E-2DC2-45D1-B1C3-7D96A1129CDE}.Release|Any CPU.Build.0 = Release|Any CPU
	EndGlobalSection
	GlobalSection(SolutionProperties) = preSolution
		HideSolutionNode = FALSE
	EndGlobalSection
	GlobalSection(ExtensibilityGlobals) = postSolution
		SolutionGuid = {C9669487-72CE-49A0-B5E2-9BD12D86729F}
	EndGlobalSection
EndGlobal
